
Microsoft Visual Studio Solution File, Format Version 12.00
# Visual Studio 14
VisualStudioVersion = 14.0.25420.1
MinimumVisualStudioVersion = 10.0.40219.1
Project("{2150E333-8FDC-42A3-9474-1A3956D46DE8}") = "Solution Items", "Solution Items", "{20AA8259-F967-4490-91CC-A19211FAEA12}"
	ProjectSection(SolutionItems) = preProject
		02.CSOOPBasics-Encapsulation-Lab.docx = 02.CSOOPBasics-Encapsulation-Lab.docx
		02.CSOOPBasics-Encapsulation.pptx = 02.CSOOPBasics-Encapsulation.pptx
	EndProjectSection
EndProject
Project("{FAE04EC0-301F-11D3-BF4B-00C04F79EFBC}") = "lab01_SortPersonsByNameAndAge", "lab01_SortPersonsByNameAndAge\lab01_SortPersonsByNameAndAge.csproj", "{468E062C-BB06-4093-9570-DEBFE1F67B7B}"
EndProject
Project("{FAE04EC0-301F-11D3-BF4B-00C04F79EFBC}") = "lab02_SalaryIncrease", "lab02_SalaryIncrease\lab02_SalaryIncrease.csproj", "{D62FBD83-E0BE-43C8-8D5F-80CF481714C3}"
EndProject
Project("{FAE04EC0-301F-11D3-BF4B-00C04F79EFBC}") = "lab03_ValidationData", "lab03_ValidationData\lab03_ValidationData.csproj", "{6B5921B3-65D7-4948-AACD-FA46F73208FF}"
EndProject
Project("{FAE04EC0-301F-11D3-BF4B-00C04F79EFBC}") = "lab04_FirstAndReserveTeam", "lab04_FirstAndReserveTeam\lab04_FirstAndReserveTeam.csproj", "{FAB9D4CB-2249-4EEF-8C87-A9FE536D821D}"
EndProject
Global
	GlobalSection(SolutionConfigurationPlatforms) = preSolution
		Debug|Any CPU = Debug|Any CPU
		Release|Any CPU = Release|Any CPU
	EndGlobalSection
	GlobalSection(ProjectConfigurationPlatforms) = postSolution
		{468E062C-BB06-4093-9570-DEBFE1F67B7B}.Debug|Any CPU.ActiveCfg = Debug|Any CPU
		{468E062C-BB06-4093-9570-DEBFE1F67B7B}.Debug|Any CPU.Build.0 = Debug|Any CPU
		{468E062C-BB06-4093-9570-DEBFE1F67B7B}.Release|Any CPU.ActiveCfg = Release|Any CPU
		{468E062C-BB06-4093-9570-DEBFE1F67B7B}.Release|Any CPU.Build.0 = Release|Any CPU
		{D62FBD83-E0BE-43C8-8D5F-80CF481714C3}.Debug|Any CPU.ActiveCfg = Debug|Any CPU
		{D62FBD83-E0BE-43C8-8D5F-80CF481714C3}.Debug|Any CPU.Build.0 = Debug|Any CPU
		{D62FBD83-E0BE-43C8-8D5F-80CF481714C3}.Release|Any CPU.ActiveCfg = Release|Any CPU
		{D62FBD83-E0BE-43C8-8D5F-80CF481714C3}.Release|Any CPU.Build.0 = Release|Any CPU
		{6B5921B3-65D7-4948-AACD-FA46F73208FF}.Debug|Any CPU.ActiveCfg = Debug|Any CPU
		{6B5921B3-65D7-4948-AACD-FA46F73208FF}.Debug|Any CPU.Build.0 = Debug|Any CPU
		{6B5921B3-65D7-4948-AACD-FA46F73208FF}.Release|Any CPU.ActiveCfg = Release|Any CPU
		{6B5921B3-65D7-4948-AACD-FA46F73208FF}.Release|Any CPU.Build.0 = Release|Any CPU
		{FAB9D4CB-2249-4EEF-8C87-A9FE536D821D}.Debug|Any CPU.ActiveCfg = Debug|Any CPU
		{FAB9D4CB-2249-4EEF-8C87-A9FE536D821D}.Debug|Any CPU.Build.0 = Debug|Any CPU
		{FAB9D4CB-2249-4EEF-8C87-A9FE536D821D}.Release|Any CPU.ActiveCfg = Release|Any CPU
		{FAB9D4CB-2249-4EEF-8C87-A9FE536D821D}.Release|Any CPU.Build.0 = Release|Any CPU
	EndGlobalSection
	GlobalSection(SolutionProperties) = preSolution
		HideSolutionNode = FALSE
	EndGlobalSection
EndGlobal
