
Microsoft Visual Studio Solution File, Format Version 12.00
# Visual Studio 14
VisualStudioVersion = 14.0.25420.1
MinimumVisualStudioVersion = 10.0.40219.1
Project("{2150E333-8FDC-42A3-9474-1A3956D46DE8}") = "Solution Items", "Solution Items", "{09A95719-CB04-44D8-BB27-03CD9460771B}"
	ProjectSection(SolutionItems) = preProject
		01.CSOOP-Defining-Classes.pptx = 01.CSOOP-Defining-Classes.pptx
		01.CSOOPBasics-Defining-Classes-Exercises.docx = 01.CSOOPBasics-Defining-Classes-Exercises.docx
		01.CSOOPBasics-Defining-Classes-Lab.docx = 01.CSOOPBasics-Defining-Classes-Lab.docx
	EndProjectSection
EndProject
Project("{FAE04EC0-301F-11D3-BF4B-00C04F79EFBC}") = "lab01_DefineBankAccountClass", "lab01_DefineBankAccountClass\lab01_DefineBankAccountClass.csproj", "{E965904B-45AF-4F2E-AE6A-DFC54BA8C9AF}"
EndProject
Project("{FAE04EC0-301F-11D3-BF4B-00C04F79EFBC}") = "lab02_Methods", "lab02_Methods\lab02_Methods.csproj", "{10FFC84F-BFA2-4BD1-800C-511964DC1518}"
EndProject
Project("{FAE04EC0-301F-11D3-BF4B-00C04F79EFBC}") = "lab03_BankAccountTest", "lab03_BankAccountTest\lab03_BankAccountTest.csproj", "{25D01F71-B509-4C58-9F07-00A624DFE640}"
EndProject
Project("{FAE04EC0-301F-11D3-BF4B-00C04F79EFBC}") = "lab04_PersonClass", "lab04_PersonClass\lab04_PersonClass.csproj", "{13BFF361-877B-49FD-84BC-5241283C3D78}"
EndProject
Project("{FAE04EC0-301F-11D3-BF4B-00C04F79EFBC}") = "labAll", "labAll\labAll.csproj", "{25BCE246-306B-41B2-9093-E386352D3875}"
EndProject
Project("{FAE04EC0-301F-11D3-BF4B-00C04F79EFBC}") = "p01_DefineClassPerson", "p01_DefineClassPerson\p01_DefineClassPerson.csproj", "{DA78AB82-7813-4965-97C9-B4A322C274BF}"
EndProject
Project("{FAE04EC0-301F-11D3-BF4B-00C04F79EFBC}") = "p02_CreatingConstructors", "p02_CreatingConstructors\p02_CreatingConstructors.csproj", "{AACDAF55-C904-42C0-9021-80AA214A5D3C}"
EndProject
Project("{FAE04EC0-301F-11D3-BF4B-00C04F79EFBC}") = "p03_OldestFamilyMember", "p03_OldestFamilyMember\p03_OldestFamilyMember.csproj", "{C14CFA4C-6C36-4AE4-99DE-B476F7640049}"
EndProject
Project("{FAE04EC0-301F-11D3-BF4B-00C04F79EFBC}") = "p04_OpinionPoll", "p04_OpinionPoll\p04_OpinionPoll.csproj", "{8CB4E548-1521-4FBE-834A-DFD05E1C8911}"
EndProject
Project("{FAE04EC0-301F-11D3-BF4B-00C04F79EFBC}") = "p05_DateModifier", "p05_DateModifier\p05_DateModifier.csproj", "{2DC3B19E-A422-47D4-AFA3-95CE9DAC3ABB}"
EndProject
Project("{FAE04EC0-301F-11D3-BF4B-00C04F79EFBC}") = "p06_CompanyRoster", "p06_CompanyRoster\p06_CompanyRoster.csproj", "{043FE0A7-D5A8-42AC-96BE-4094AC41F8D8}"
EndProject
Project("{FAE04EC0-301F-11D3-BF4B-00C04F79EFBC}") = "p07_SpeedRacing", "p07_SpeedRacing\p07_SpeedRacing.csproj", "{B33AF54C-3144-4174-8423-B8E8171111C8}"
EndProject
Project("{FAE04EC0-301F-11D3-BF4B-00C04F79EFBC}") = "p08_RawData", "p08_RawData\p08_RawData.csproj", "{D852FDBD-8A4C-498E-B0FC-8E329970B581}"
EndProject
Project("{FAE04EC0-301F-11D3-BF4B-00C04F79EFBC}") = "p09_RectangleIntersection", "p09_RectangleIntersection\p09_RectangleIntersection.csproj", "{D7B66DB8-DEAB-4D14-97E0-539F0960AB37}"
EndProject
Project("{FAE04EC0-301F-11D3-BF4B-00C04F79EFBC}") = "p10_CarSalesman", "p10_CarSalesman\p10_CarSalesman.csproj", "{64350D6B-711D-4F8D-866B-2197E5429D6E}"
EndProject
Global
	GlobalSection(SolutionConfigurationPlatforms) = preSolution
		Debug|Any CPU = Debug|Any CPU
		Release|Any CPU = Release|Any CPU
	EndGlobalSection
	GlobalSection(ProjectConfigurationPlatforms) = postSolution
		{E965904B-45AF-4F2E-AE6A-DFC54BA8C9AF}.Debug|Any CPU.ActiveCfg = Debug|Any CPU
		{E965904B-45AF-4F2E-AE6A-DFC54BA8C9AF}.Debug|Any CPU.Build.0 = Debug|Any CPU
		{E965904B-45AF-4F2E-AE6A-DFC54BA8C9AF}.Release|Any CPU.ActiveCfg = Release|Any CPU
		{E965904B-45AF-4F2E-AE6A-DFC54BA8C9AF}.Release|Any CPU.Build.0 = Release|Any CPU
		{10FFC84F-BFA2-4BD1-800C-511964DC1518}.Debug|Any CPU.ActiveCfg = Debug|Any CPU
		{10FFC84F-BFA2-4BD1-800C-511964DC1518}.Debug|Any CPU.Build.0 = Debug|Any CPU
		{10FFC84F-BFA2-4BD1-800C-511964DC1518}.Release|Any CPU.ActiveCfg = Release|Any CPU
		{10FFC84F-BFA2-4BD1-800C-511964DC1518}.Release|Any CPU.Build.0 = Release|Any CPU
		{25D01F71-B509-4C58-9F07-00A624DFE640}.Debug|Any CPU.ActiveCfg = Debug|Any CPU
		{25D01F71-B509-4C58-9F07-00A624DFE640}.Debug|Any CPU.Build.0 = Debug|Any CPU
		{25D01F71-B509-4C58-9F07-00A624DFE640}.Release|Any CPU.ActiveCfg = Release|Any CPU
		{25D01F71-B509-4C58-9F07-00A624DFE640}.Release|Any CPU.Build.0 = Release|Any CPU
		{13BFF361-877B-49FD-84BC-5241283C3D78}.Debug|Any CPU.ActiveCfg = Debug|Any CPU
		{13BFF361-877B-49FD-84BC-5241283C3D78}.Debug|Any CPU.Build.0 = Debug|Any CPU
		{13BFF361-877B-49FD-84BC-5241283C3D78}.Release|Any CPU.ActiveCfg = Release|Any CPU
		{13BFF361-877B-49FD-84BC-5241283C3D78}.Release|Any CPU.Build.0 = Release|Any CPU
		{25BCE246-306B-41B2-9093-E386352D3875}.Debug|Any CPU.ActiveCfg = Debug|Any CPU
		{25BCE246-306B-41B2-9093-E386352D3875}.Debug|Any CPU.Build.0 = Debug|Any CPU
		{25BCE246-306B-41B2-9093-E386352D3875}.Release|Any CPU.ActiveCfg = Release|Any CPU
		{25BCE246-306B-41B2-9093-E386352D3875}.Release|Any CPU.Build.0 = Release|Any CPU
		{DA78AB82-7813-4965-97C9-B4A322C274BF}.Debug|Any CPU.ActiveCfg = Debug|Any CPU
		{DA78AB82-7813-4965-97C9-B4A322C274BF}.Debug|Any CPU.Build.0 = Debug|Any CPU
		{DA78AB82-7813-4965-97C9-B4A322C274BF}.Release|Any CPU.ActiveCfg = Release|Any CPU
		{DA78AB82-7813-4965-97C9-B4A322C274BF}.Release|Any CPU.Build.0 = Release|Any CPU
		{AACDAF55-C904-42C0-9021-80AA214A5D3C}.Debug|Any CPU.ActiveCfg = Debug|Any CPU
		{AACDAF55-C904-42C0-9021-80AA214A5D3C}.Debug|Any CPU.Build.0 = Debug|Any CPU
		{AACDAF55-C904-42C0-9021-80AA214A5D3C}.Release|Any CPU.ActiveCfg = Release|Any CPU
		{AACDAF55-C904-42C0-9021-80AA214A5D3C}.Release|Any CPU.Build.0 = Release|Any CPU
		{C14CFA4C-6C36-4AE4-99DE-B476F7640049}.Debug|Any CPU.ActiveCfg = Debug|Any CPU
		{C14CFA4C-6C36-4AE4-99DE-B476F7640049}.Debug|Any CPU.Build.0 = Debug|Any CPU
		{C14CFA4C-6C36-4AE4-99DE-B476F7640049}.Release|Any CPU.ActiveCfg = Release|Any CPU
		{C14CFA4C-6C36-4AE4-99DE-B476F7640049}.Release|Any CPU.Build.0 = Release|Any CPU
		{8CB4E548-1521-4FBE-834A-DFD05E1C8911}.Debug|Any CPU.ActiveCfg = Debug|Any CPU
		{8CB4E548-1521-4FBE-834A-DFD05E1C8911}.Debug|Any CPU.Build.0 = Debug|Any CPU
		{8CB4E548-1521-4FBE-834A-DFD05E1C8911}.Release|Any CPU.ActiveCfg = Release|Any CPU
		{8CB4E548-1521-4FBE-834A-DFD05E1C8911}.Release|Any CPU.Build.0 = Release|Any CPU
		{2DC3B19E-A422-47D4-AFA3-95CE9DAC3ABB}.Debug|Any CPU.ActiveCfg = Debug|Any CPU
		{2DC3B19E-A422-47D4-AFA3-95CE9DAC3ABB}.Debug|Any CPU.Build.0 = Debug|Any CPU
		{2DC3B19E-A422-47D4-AFA3-95CE9DAC3ABB}.Release|Any CPU.ActiveCfg = Release|Any CPU
		{2DC3B19E-A422-47D4-AFA3-95CE9DAC3ABB}.Release|Any CPU.Build.0 = Release|Any CPU
		{043FE0A7-D5A8-42AC-96BE-4094AC41F8D8}.Debug|Any CPU.ActiveCfg = Debug|Any CPU
		{043FE0A7-D5A8-42AC-96BE-4094AC41F8D8}.Debug|Any CPU.Build.0 = Debug|Any CPU
		{043FE0A7-D5A8-42AC-96BE-4094AC41F8D8}.Release|Any CPU.ActiveCfg = Release|Any CPU
		{043FE0A7-D5A8-42AC-96BE-4094AC41F8D8}.Release|Any CPU.Build.0 = Release|Any CPU
		{B33AF54C-3144-4174-8423-B8E8171111C8}.Debug|Any CPU.ActiveCfg = Debug|Any CPU
		{B33AF54C-3144-4174-8423-B8E8171111C8}.Debug|Any CPU.Build.0 = Debug|Any CPU
		{B33AF54C-3144-4174-8423-B8E8171111C8}.Release|Any CPU.ActiveCfg = Release|Any CPU
		{B33AF54C-3144-4174-8423-B8E8171111C8}.Release|Any CPU.Build.0 = Release|Any CPU
		{D852FDBD-8A4C-498E-B0FC-8E329970B581}.Debug|Any CPU.ActiveCfg = Debug|Any CPU
		{D852FDBD-8A4C-498E-B0FC-8E329970B581}.Debug|Any CPU.Build.0 = Debug|Any CPU
		{D852FDBD-8A4C-498E-B0FC-8E329970B581}.Release|Any CPU.ActiveCfg = Release|Any CPU
		{D852FDBD-8A4C-498E-B0FC-8E329970B581}.Release|Any CPU.Build.0 = Release|Any CPU
		{D7B66DB8-DEAB-4D14-97E0-539F0960AB37}.Debug|Any CPU.ActiveCfg = Debug|Any CPU
		{D7B66DB8-DEAB-4D14-97E0-539F0960AB37}.Debug|Any CPU.Build.0 = Debug|Any CPU
		{D7B66DB8-DEAB-4D14-97E0-539F0960AB37}.Release|Any CPU.ActiveCfg = Release|Any CPU
		{D7B66DB8-DEAB-4D14-97E0-539F0960AB37}.Release|Any CPU.Build.0 = Release|Any CPU
		{64350D6B-711D-4F8D-866B-2197E5429D6E}.Debug|Any CPU.ActiveCfg = Debug|Any CPU
		{64350D6B-711D-4F8D-866B-2197E5429D6E}.Debug|Any CPU.Build.0 = Debug|Any CPU
		{64350D6B-711D-4F8D-866B-2197E5429D6E}.Release|Any CPU.ActiveCfg = Release|Any CPU
		{64350D6B-711D-4F8D-866B-2197E5429D6E}.Release|Any CPU.Build.0 = Release|Any CPU
	EndGlobalSection
	GlobalSection(SolutionProperties) = preSolution
		HideSolutionNode = FALSE
	EndGlobalSection
EndGlobal
