
Microsoft Visual Studio Solution File, Format Version 12.00
# Visual Studio 14
VisualStudioVersion = 14.0.25420.1
MinimumVisualStudioVersion = 10.0.40219.1
Project("{FAE04EC0-301F-11D3-BF4B-00C04F79EFBC}") = "exam01_NeedForSpeed", "exam01_NeedForSpeed\exam01_NeedForSpeed.csproj", "{DB228684-B7AD-4FAE-8377-304AA625788E}"
EndProject
Project("{2150E333-8FDC-42A3-9474-1A3956D46DE8}") = "Solution Items", "Solution Items", "{F6773E7B-A323-4470-90CB-940D1BA48F86}"
	ProjectSection(SolutionItems) = preProject
		01.CSOOPBasics-ExamPreparation_I.docx = 01.CSOOPBasics-ExamPreparation_I.docx
		02.CSOOPBasics-ExamPreparation_II.docx = 02.CSOOPBasics-ExamPreparation_II.docx
		02.CSOOPBasics-ExamPreparation_II_Tutorial.docx = 02.CSOOPBasics-ExamPreparation_II_Tutorial.docx
	EndProjectSection
EndProject
Project("{FAE04EC0-301F-11D3-BF4B-00C04F79EFBC}") = "exam01_NeedForSpeedV2", "exam01_NeedForSpeedV2\exam01_NeedForSpeedV2.csproj", "{C30341BC-0F87-4BA9-B6D8-134141855649}"
EndProject
Project("{FAE04EC0-301F-11D3-BF4B-00C04F79EFBC}") = "exam02_Avatar", "exam02_Avatar\exam02_Avatar.csproj", "{748CE9E2-668B-408B-BF2A-CF0BCC85A319}"
EndProject
Global
	GlobalSection(SolutionConfigurationPlatforms) = preSolution
		Debug|Any CPU = Debug|Any CPU
		Release|Any CPU = Release|Any CPU
	EndGlobalSection
	GlobalSection(ProjectConfigurationPlatforms) = postSolution
		{DB228684-B7AD-4FAE-8377-304AA625788E}.Debug|Any CPU.ActiveCfg = Debug|Any CPU
		{DB228684-B7AD-4FAE-8377-304AA625788E}.Debug|Any CPU.Build.0 = Debug|Any CPU
		{DB228684-B7AD-4FAE-8377-304AA625788E}.Release|Any CPU.ActiveCfg = Release|Any CPU
		{DB228684-B7AD-4FAE-8377-304AA625788E}.Release|Any CPU.Build.0 = Release|Any CPU
		{C30341BC-0F87-4BA9-B6D8-134141855649}.Debug|Any CPU.ActiveCfg = Debug|Any CPU
		{C30341BC-0F87-4BA9-B6D8-134141855649}.Debug|Any CPU.Build.0 = Debug|Any CPU
		{C30341BC-0F87-4BA9-B6D8-134141855649}.Release|Any CPU.ActiveCfg = Release|Any CPU
		{C30341BC-0F87-4BA9-B6D8-134141855649}.Release|Any CPU.Build.0 = Release|Any CPU
		{748CE9E2-668B-408B-BF2A-CF0BCC85A319}.Debug|Any CPU.ActiveCfg = Debug|Any CPU
		{748CE9E2-668B-408B-BF2A-CF0BCC85A319}.Debug|Any CPU.Build.0 = Debug|Any CPU
		{748CE9E2-668B-408B-BF2A-CF0BCC85A319}.Release|Any CPU.ActiveCfg = Release|Any CPU
		{748CE9E2-668B-408B-BF2A-CF0BCC85A319}.Release|Any CPU.Build.0 = Release|Any CPU
	EndGlobalSection
	GlobalSection(SolutionProperties) = preSolution
		HideSolutionNode = FALSE
	EndGlobalSection
EndGlobal
